
Microsoft Visual Studio Solution File, Format Version 12.00
# Visual Studio 15
Project("{FAE04EC0-301F-11D3-BF4B-00C04F79EFBC}") = "SLGGame", "SLGGame.csproj", "{A5676B19-0719-C01F-B0BC-F0D7882B37FD}"
EndProject
Project("{FAE04EC0-301F-11D3-BF4B-00C04F79EFBC}") = "SLGGame.Editor", "SLGGame.Editor.csproj", "{433B362F-E6FA-E309-1DD5-6E1BAB123DB8}"
EndProject
Global
	GlobalSection(SolutionConfigurationPlatforms) = preSolution
		Debug|Any CPU = Debug|Any CPU
		Release|Any CPU = Release|Any CPU
	EndGlobalSection
	GlobalSection(ProjectConfigurationPlatforms) = postSolution
		{A5676B19-0719-C01F-B0BC-F0D7882B37FD}.Debug|Any CPU.ActiveCfg = Debug|Any CPU
		{A5676B19-0719-C01F-B0BC-F0D7882B37FD}.Debug|Any CPU.Build.0 = Debug|Any CPU
		{A5676B19-0719-C01F-B0BC-F0D7882B37FD}.Release|Any CPU.ActiveCfg = Release|Any CPU
		{A5676B19-0719-C01F-B0BC-F0D7882B37FD}.Release|Any CPU.Build.0 = Release|Any CPU
		{433B362F-E6FA-E309-1DD5-6E1BAB123DB8}.Debug|Any CPU.ActiveCfg = Debug|Any CPU
		{433B362F-E6FA-E309-1DD5-6E1BAB123DB8}.Debug|Any CPU.Build.0 = Debug|Any CPU
		{433B362F-E6FA-E309-1DD5-6E1BAB123DB8}.Release|Any CPU.ActiveCfg = Release|Any CPU
		{433B362F-E6FA-E309-1DD5-6E1BAB123DB8}.Release|Any CPU.Build.0 = Release|Any CPU
	EndGlobalSection
	GlobalSection(SolutionProperties) = preSolution
		HideSolutionNode = FALSE
	EndGlobalSection
EndGlobal
